
Microsoft Visual Studio Solution File, Format Version 12.00
# Visual Studio Version 17
VisualStudioVersion = 17.14.36414.22 d17.14
MinimumVisualStudioVersion = 10.0.40219.1
Project("{FAE04EC0-301F-11D3-BF4B-00C04F79EFBC}") = "JobScheduling.API", "JobScheduling.API\JobScheduling.API.csproj", "{9B10710B-E9ED-47A0-B011-9EB15C396AC9}"
EndProject
Global
	GlobalSection(SolutionConfigurationPlatforms) = preSolution
		Debug|Any CPU = Debug|Any CPU
		Release|Any CPU = Release|Any CPU
	EndGlobalSection
	GlobalSection(ProjectConfigurationPlatforms) = postSolution
		{9B10710B-E9ED-47A0-B011-9EB15C396AC9}.Debug|Any CPU.ActiveCfg = Debug|Any CPU
		{9B10710B-E9ED-47A0-B011-9EB15C396AC9}.Debug|Any CPU.Build.0 = Debug|Any CPU
		{9B10710B-E9ED-47A0-B011-9EB15C396AC9}.Release|Any CPU.ActiveCfg = Release|Any CPU
		{9B10710B-E9ED-47A0-B011-9EB15C396AC9}.Release|Any CPU.Build.0 = Release|Any CPU
	EndGlobalSection
	GlobalSection(SolutionProperties) = preSolution
		HideSolutionNode = FALSE
	EndGlobalSection
	GlobalSection(ExtensibilityGlobals) = postSolution
		SolutionGuid = {1E4B63CC-EAAA-4305-90EE-D48FBB2025C0}
	EndGlobalSection
EndGlobal
